# @generated - this file is auto-generated by `mise lock` https://mise.en.dev/dev-tools/mise-lock.html

[[tools.deno]]
version = "2.8.2"
backend = "core:deno"

[tools.deno."platforms.linux-arm64"]
checksum = "sha256:48647189aee6454ed9b9852fa700a77f92b39465c04c625901d165bc8e937afc"
url = "https://dl.deno.land/release/v2.8.2/deno-aarch64-unknown-linux-gnu.zip"

[tools.deno."platforms.linux-arm64-musl"]
checksum = "sha256:48647189aee6454ed9b9852fa700a77f92b39465c04c625901d165bc8e937afc"
url = "https://dl.deno.land/release/v2.8.2/deno-aarch64-unknown-linux-gnu.zip"

[tools.deno."platforms.linux-x64"]
checksum = "sha256:184da7a5267ab649bc08821b3bc3ce6805d8e6985fb82707cb8d5e9fd6535362"
url = "https://dl.deno.land/release/v2.8.2/deno-x86_64-unknown-linux-gnu.zip"

[tools.deno."platforms.linux-x64-musl"]
checksum = "sha256:184da7a5267ab649bc08821b3bc3ce6805d8e6985fb82707cb8d5e9fd6535362"
url = "https://dl.deno.land/release/v2.8.2/deno-x86_64-unknown-linux-gnu.zip"

[tools.deno."platforms.macos-arm64"]
checksum = "sha256:02e5eb795c9f763772dfd081429cead9029e0a4a6aaff6d4e5f3ed6d2e94d361"
url = "https://dl.deno.land/release/v2.8.2/deno-aarch64-apple-darwin.zip"

[tools.deno."platforms.macos-x64"]
checksum = "sha256:77cf27f835f1921e49434449675c57432c6314d54edc725e2474cc825546e206"
url = "https://dl.deno.land/release/v2.8.2/deno-x86_64-apple-darwin.zip"

[tools.deno."platforms.windows-x64"]
checksum = "sha256:Algorithm"
url = "https://dl.deno.land/release/v2.8.2/deno-x86_64-pc-windows-msvc.zip"
